{
  "name": "bootrap-5",
  "version": "1.0.0",
  "lockfileVersion": 3,
  "requires": true,
  "packages": {
    "": {
      "name": "bootrap-5",
      "version": "1.0.0",
      "license": "ISC",
      "dependencies": {
        "bootrap-5": "file:"
      }
    },
    "node_modules/bootrap-5": {
      "resolved": "",
      "link": true
    }
  }
}
